// !$*UTF8*$!
{
	archiveVersion = 1;
	classes = {
	};
	objectVersion = 56;
	objects = {

/* Begin PBXBuildFile section */
		FB2461032BBEA84300C17D19 /* CardService.swift in Sources */ = {isa = PBXBuildFile; fileRef = FB2461022BBEA84300C17D19 /* CardService.swift */; };
		FB2461052BBEA9A000C17D19 /* CardServiceMock.swift in Sources */ = {isa = PBXBuildFile; fileRef = FB2461042BBEA9A000C17D19 /* CardServiceMock.swift */; };
		FB24610F2BBFE2D000C17D19 /* DeckModelObject.swift in Sources */ = {isa = PBXBuildFile; fileRef = FB24610E2BBFE2D000C17D19 /* DeckModelObject.swift */; };
		FB2461112BBFE4FB00C17D19 /* DeckTranslator.swift in Sources */ = {isa = PBXBuildFile; fileRef = FB2461102BBFE4FB00C17D19 /* DeckTranslator.swift */; };
		FB2461132BBFE9BD00C17D19 /* DeckService.swift in Sources */ = {isa = PBXBuildFile; fileRef = FB2461122BBFE9BD00C17D19 /* DeckService.swift */; };
		FB2461152BBFE9E800C17D19 /* DeckServiceMock.swift in Sources */ = {isa = PBXBuildFile; fileRef = FB2461142BBFE9E800C17D19 /* DeckServiceMock.swift */; };
		FB6E75F42BB199E500D5C117 /* TestMovieAppApp.swift in Sources */ = {isa = PBXBuildFile; fileRef = FB6E75F32BB199E500D5C117 /* TestMovieAppApp.swift */; };
		FB6E75F82BB199E700D5C117 /* Assets.xcassets in Resources */ = {isa = PBXBuildFile; fileRef = FB6E75F72BB199E700D5C117 /* Assets.xcassets */; };
		FB6E75FB2BB199E700D5C117 /* Preview Assets.xcassets in Resources */ = {isa = PBXBuildFile; fileRef = FB6E75FA2BB199E700D5C117 /* Preview Assets.xcassets */; };
		FB6E76092BB19D6100D5C117 /* ComposableArchitecture in Frameworks */ = {isa = PBXBuildFile; productRef = FB6E76082BB19D6100D5C117 /* ComposableArchitecture */; };
		FB6E760C2BB19DCB00D5C117 /* SDAO in Frameworks */ = {isa = PBXBuildFile; productRef = FB6E760B2BB19DCB00D5C117 /* SDAO */; };
		FB6E76142BB1A6F700D5C117 /* ServiceCore in Frameworks */ = {isa = PBXBuildFile; productRef = FB6E76132BB1A6F700D5C117 /* ServiceCore */; };
		FB6E76172BB1A74A00D5C117 /* HTTPTransport in Frameworks */ = {isa = PBXBuildFile; productRef = FB6E76162BB1A74A00D5C117 /* HTTPTransport */; };
		FB6E761F2BB1AAD300D5C117 /* Swinject in Frameworks */ = {isa = PBXBuildFile; productRef = FB6E761E2BB1AAD300D5C117 /* Swinject */; };
		FB6E76212BB1AAD300D5C117 /* Swinject-Dynamic in Frameworks */ = {isa = PBXBuildFile; productRef = FB6E76202BB1AAD300D5C117 /* Swinject-Dynamic */; };
		FB6E762F2BB1B96200D5C117 /* PinToEdgeModifier.swift in Sources */ = {isa = PBXBuildFile; fileRef = FB6E762E2BB1B96200D5C117 /* PinToEdgeModifier.swift */; };
		FB6E76312BB1BA2500D5C117 /* View.swift in Sources */ = {isa = PBXBuildFile; fileRef = FB6E76302BB1BA2500D5C117 /* View.swift */; };
		FB6E76382BB1BB9C00D5C117 /* TCANetworkReducers in Frameworks */ = {isa = PBXBuildFile; productRef = FB6E76372BB1BB9C00D5C117 /* TCANetworkReducers */; };
		FB6E763D2BB1BCDB00D5C117 /* DAOAutographAliases.swift in Sources */ = {isa = PBXBuildFile; fileRef = FB6E763C2BB1BCDB00D5C117 /* DAOAutographAliases.swift */; };
		FB6E764C2BB6A8DE00D5C117 /* Swinjectable.swift in Sources */ = {isa = PBXBuildFile; fileRef = FB6E764B2BB6A8DE00D5C117 /* Swinjectable.swift */; };
		FB6E76512BB6A97200D5C117 /* AssembliesCollector.swift in Sources */ = {isa = PBXBuildFile; fileRef = FB6E76502BB6A97200D5C117 /* AssembliesCollector.swift */; };
		FB6E76532BB6AA2100D5C117 /* TestMovieAppAssembliesCollector.swift in Sources */ = {isa = PBXBuildFile; fileRef = FB6E76522BB6AA2100D5C117 /* TestMovieAppAssembliesCollector.swift */; };
		FB6E76562BB6AACB00D5C117 /* CollectableAssembly.swift in Sources */ = {isa = PBXBuildFile; fileRef = FB6E76552BB6AACB00D5C117 /* CollectableAssembly.swift */; };
		FB6E76582BB6AAE500D5C117 /* AssembliesHolder.swift in Sources */ = {isa = PBXBuildFile; fileRef = FB6E76572BB6AAE500D5C117 /* AssembliesHolder.swift */; };
		FB6E765B2BB6AB4000D5C117 /* DispatchQueue.swift in Sources */ = {isa = PBXBuildFile; fileRef = FB6E765A2BB6AB4000D5C117 /* DispatchQueue.swift */; };
		FB7AEF672BB6B12800CF2801 /* CardTranslator.swift in Sources */ = {isa = PBXBuildFile; fileRef = FB7AEF662BB6B12800CF2801 /* CardTranslator.swift */; };
		FB7AEF6A2BB6B1E200CF2801 /* CardPlainObject.swift in Sources */ = {isa = PBXBuildFile; fileRef = FB7AEF692BB6B1E200CF2801 /* CardPlainObject.swift */; };
		FB7AEF6D2BB6B46200CF2801 /* CardModelObject.swift in Sources */ = {isa = PBXBuildFile; fileRef = FB7AEF6C2BB6B46200CF2801 /* CardModelObject.swift */; };
		FBAC7A932BBFEE30007BD0CF /* AppConstants.swift in Sources */ = {isa = PBXBuildFile; fileRef = FBAC7A922BBFEE30007BD0CF /* AppConstants.swift */; };
		FBAC7A962BBFF181007BD0CF /* DAOAssembly.swift in Sources */ = {isa = PBXBuildFile; fileRef = FBAC7A952BBFF181007BD0CF /* DAOAssembly.swift */; };
		FBAC7A982BBFF381007BD0CF /* SeviecesAssembly.swift in Sources */ = {isa = PBXBuildFile; fileRef = FBAC7A972BBFF381007BD0CF /* SeviecesAssembly.swift */; };
		FBAC7A9A2BBFF63E007BD0CF /* TranslatorsAssembly.swift in Sources */ = {isa = PBXBuildFile; fileRef = FBAC7A992BBFF63E007BD0CF /* TranslatorsAssembly.swift */; };
		FBAC7A9C2BBFF685007BD0CF /* InfrastructureAssembly.swift in Sources */ = {isa = PBXBuildFile; fileRef = FBAC7A9B2BBFF685007BD0CF /* InfrastructureAssembly.swift */; };
		FBAC7AA22BC01247007BD0CF /* DeckListState.swift in Sources */ = {isa = PBXBuildFile; fileRef = FBAC7AA12BC01247007BD0CF /* DeckListState.swift */; };
		FBAC7AA42BC01253007BD0CF /* DeckListAction.swift in Sources */ = {isa = PBXBuildFile; fileRef = FBAC7AA32BC01253007BD0CF /* DeckListAction.swift */; };
		FBAC7AA62BC01261007BD0CF /* DeckListReducer.swift in Sources */ = {isa = PBXBuildFile; fileRef = FBAC7AA52BC01261007BD0CF /* DeckListReducer.swift */; };
		FBAC7AA92BC0133D007BD0CF /* DeckListItemState.swift in Sources */ = {isa = PBXBuildFile; fileRef = FBAC7AA82BC0133D007BD0CF /* DeckListItemState.swift */; };
		FBAC7AAB2BC0134E007BD0CF /* DeckListItemAction.swift in Sources */ = {isa = PBXBuildFile; fileRef = FBAC7AAA2BC0134E007BD0CF /* DeckListItemAction.swift */; };
		FBAC7AAD2BC01372007BD0CF /* DeckListItemReducer.swift in Sources */ = {isa = PBXBuildFile; fileRef = FBAC7AAC2BC01372007BD0CF /* DeckListItemReducer.swift */; };
		FBAC7AAF2BC025E5007BD0CF /* DeckListView.swift in Sources */ = {isa = PBXBuildFile; fileRef = FBAC7AAE2BC025E5007BD0CF /* DeckListView.swift */; };
		FBAC7AB42BC03577007BD0CF /* DeckItemBuilderState.swift in Sources */ = {isa = PBXBuildFile; fileRef = FBAC7AB32BC03577007BD0CF /* DeckItemBuilderState.swift */; };
		FBAC7AB62BC03581007BD0CF /* DeckItemBuilderAction.swift in Sources */ = {isa = PBXBuildFile; fileRef = FBAC7AB52BC03581007BD0CF /* DeckItemBuilderAction.swift */; };
		FBAC7AB82BC0359A007BD0CF /* DeckItemBuilderReducer.swift in Sources */ = {isa = PBXBuildFile; fileRef = FBAC7AB72BC0359A007BD0CF /* DeckItemBuilderReducer.swift */; };
		FBAC7ABA2BC035A3007BD0CF /* DeckItemBuilderView.swift in Sources */ = {isa = PBXBuildFile; fileRef = FBAC7AB92BC035A3007BD0CF /* DeckItemBuilderView.swift */; };
		FBAC7ABC2BC32763007BD0CF /* DeckListItemView.swift in Sources */ = {isa = PBXBuildFile; fileRef = FBAC7ABB2BC32763007BD0CF /* DeckListItemView.swift */; };
		FBAC7ABF2BC682C3007BD0CF /* TMAPaginationView.swift in Sources */ = {isa = PBXBuildFile; fileRef = FBAC7ABE2BC682C3007BD0CF /* TMAPaginationView.swift */; };
		FBAC7AC42BC7D138007BD0CF /* CardListState.swift in Sources */ = {isa = PBXBuildFile; fileRef = FBAC7AC32BC7D138007BD0CF /* CardListState.swift */; };
		FBAC7AC62BC7D141007BD0CF /* CardListAction.swift in Sources */ = {isa = PBXBuildFile; fileRef = FBAC7AC52BC7D141007BD0CF /* CardListAction.swift */; };
		FBAC7AC82BC7D14F007BD0CF /* CardListReducer.swift in Sources */ = {isa = PBXBuildFile; fileRef = FBAC7AC72BC7D14F007BD0CF /* CardListReducer.swift */; };
		FBAC7ACA2BC7D15A007BD0CF /* CardListView.swift in Sources */ = {isa = PBXBuildFile; fileRef = FBAC7AC92BC7D15A007BD0CF /* CardListView.swift */; };
		FBAC7ACC2BC7D17E007BD0CF /* CardItemListState.swift in Sources */ = {isa = PBXBuildFile; fileRef = FBAC7ACB2BC7D17E007BD0CF /* CardItemListState.swift */; };
		FBAC7ACE2BC7D184007BD0CF /* CardItemListAction.swift in Sources */ = {isa = PBXBuildFile; fileRef = FBAC7ACD2BC7D184007BD0CF /* CardItemListAction.swift */; };
		FBAC7AD02BC7D18A007BD0CF /* CardItemListReducer.swift in Sources */ = {isa = PBXBuildFile; fileRef = FBAC7ACF2BC7D18A007BD0CF /* CardItemListReducer.swift */; };
		FBAC7AD22BC7D191007BD0CF /* CardItemListView.swift in Sources */ = {isa = PBXBuildFile; fileRef = FBAC7AD12BC7D191007BD0CF /* CardItemListView.swift */; };
		FBAC7AD42BC7D214007BD0CF /* CardItemBuilderState.swift in Sources */ = {isa = PBXBuildFile; fileRef = FBAC7AD32BC7D214007BD0CF /* CardItemBuilderState.swift */; };
		FBAC7AD62BC7D21C007BD0CF /* CardItemBuilderAction.swift in Sources */ = {isa = PBXBuildFile; fileRef = FBAC7AD52BC7D21C007BD0CF /* CardItemBuilderAction.swift */; };
		FBAC7AD82BC7D224007BD0CF /* CardItemBuilderReducer.swift in Sources */ = {isa = PBXBuildFile; fileRef = FBAC7AD72BC7D224007BD0CF /* CardItemBuilderReducer.swift */; };
		FBAC7ADA2BC7D22D007BD0CF /* CardItemBuilderView.swift in Sources */ = {isa = PBXBuildFile; fileRef = FBAC7AD92BC7D22D007BD0CF /* CardItemBuilderView.swift */; };
		FBC3102F2BB83C9300CB1FE3 /* DeckPlainObject.swift in Sources */ = {isa = PBXBuildFile; fileRef = FBC3102E2BB83C9300CB1FE3 /* DeckPlainObject.swift */; };
/* End PBXBuildFile section */

/* Begin PBXFileReference section */
		FB2461022BBEA84300C17D19 /* CardService.swift */ = {isa = PBXFileReference; lastKnownFileType = sourcecode.swift; path = CardService.swift; sourceTree = "<group>"; };
		FB2461042BBEA9A000C17D19 /* CardServiceMock.swift */ = {isa = PBXFileReference; lastKnownFileType = sourcecode.swift; path = CardServiceMock.swift; sourceTree = "<group>"; };
		FB24610E2BBFE2D000C17D19 /* DeckModelObject.swift */ = {isa = PBXFileReference; lastKnownFileType = sourcecode.swift; path = DeckModelObject.swift; sourceTree = "<group>"; };
		FB2461102BBFE4FB00C17D19 /* DeckTranslator.swift */ = {isa = PBXFileReference; lastKnownFileType = sourcecode.swift; path = DeckTranslator.swift; sourceTree = "<group>"; };
		FB2461122BBFE9BD00C17D19 /* DeckService.swift */ = {isa = PBXFileReference; lastKnownFileType = sourcecode.swift; path = DeckService.swift; sourceTree = "<group>"; };
		FB2461142BBFE9E800C17D19 /* DeckServiceMock.swift */ = {isa = PBXFileReference; lastKnownFileType = sourcecode.swift; path = DeckServiceMock.swift; sourceTree = "<group>"; };
		FB6E75F02BB199E500D5C117 /* TestMovieApp.app */ = {isa = PBXFileReference; explicitFileType = wrapper.application; includeInIndex = 0; path = TestMovieApp.app; sourceTree = BUILT_PRODUCTS_DIR; };
		FB6E75F32BB199E500D5C117 /* TestMovieAppApp.swift */ = {isa = PBXFileReference; lastKnownFileType = sourcecode.swift; path = TestMovieAppApp.swift; sourceTree = "<group>"; };
		FB6E75F72BB199E700D5C117 /* Assets.xcassets */ = {isa = PBXFileReference; lastKnownFileType = folder.assetcatalog; path = Assets.xcassets; sourceTree = "<group>"; };
		FB6E75FA2BB199E700D5C117 /* Preview Assets.xcassets */ = {isa = PBXFileReference; lastKnownFileType = folder.assetcatalog; path = "Preview Assets.xcassets"; sourceTree = "<group>"; };
		FB6E762E2BB1B96200D5C117 /* PinToEdgeModifier.swift */ = {isa = PBXFileReference; lastKnownFileType = sourcecode.swift; path = PinToEdgeModifier.swift; sourceTree = "<group>"; };
		FB6E76302BB1BA2500D5C117 /* View.swift */ = {isa = PBXFileReference; lastKnownFileType = sourcecode.swift; path = View.swift; sourceTree = "<group>"; };
		FB6E763C2BB1BCDB00D5C117 /* DAOAutographAliases.swift */ = {isa = PBXFileReference; lastKnownFileType = sourcecode.swift; path = DAOAutographAliases.swift; sourceTree = "<group>"; };
		FB6E764B2BB6A8DE00D5C117 /* Swinjectable.swift */ = {isa = PBXFileReference; lastKnownFileType = sourcecode.swift; path = Swinjectable.swift; sourceTree = "<group>"; };
		FB6E76502BB6A97200D5C117 /* AssembliesCollector.swift */ = {isa = PBXFileReference; lastKnownFileType = sourcecode.swift; path = AssembliesCollector.swift; sourceTree = "<group>"; };
		FB6E76522BB6AA2100D5C117 /* TestMovieAppAssembliesCollector.swift */ = {isa = PBXFileReference; lastKnownFileType = sourcecode.swift; path = TestMovieAppAssembliesCollector.swift; sourceTree = "<group>"; };
		FB6E76552BB6AACB00D5C117 /* CollectableAssembly.swift */ = {isa = PBXFileReference; lastKnownFileType = sourcecode.swift; path = CollectableAssembly.swift; sourceTree = "<group>"; };
		FB6E76572BB6AAE500D5C117 /* AssembliesHolder.swift */ = {isa = PBXFileReference; lastKnownFileType = sourcecode.swift; path = AssembliesHolder.swift; sourceTree = "<group>"; };
		FB6E765A2BB6AB4000D5C117 /* DispatchQueue.swift */ = {isa = PBXFileReference; lastKnownFileType = sourcecode.swift; path = DispatchQueue.swift; sourceTree = "<group>"; };
		FB7AEF662BB6B12800CF2801 /* CardTranslator.swift */ = {isa = PBXFileReference; lastKnownFileType = sourcecode.swift; path = CardTranslator.swift; sourceTree = "<group>"; };
		FB7AEF692BB6B1E200CF2801 /* CardPlainObject.swift */ = {isa = PBXFileReference; lastKnownFileType = sourcecode.swift; path = CardPlainObject.swift; sourceTree = "<group>"; };
		FB7AEF6C2BB6B46200CF2801 /* CardModelObject.swift */ = {isa = PBXFileReference; lastKnownFileType = sourcecode.swift; path = CardModelObject.swift; sourceTree = "<group>"; };
		FBAC7A922BBFEE30007BD0CF /* AppConstants.swift */ = {isa = PBXFileReference; lastKnownFileType = sourcecode.swift; path = AppConstants.swift; sourceTree = "<group>"; };
		FBAC7A952BBFF181007BD0CF /* DAOAssembly.swift */ = {isa = PBXFileReference; lastKnownFileType = sourcecode.swift; path = DAOAssembly.swift; sourceTree = "<group>"; };
		FBAC7A972BBFF381007BD0CF /* SeviecesAssembly.swift */ = {isa = PBXFileReference; lastKnownFileType = sourcecode.swift; path = SeviecesAssembly.swift; sourceTree = "<group>"; };
		FBAC7A992BBFF63E007BD0CF /* TranslatorsAssembly.swift */ = {isa = PBXFileReference; lastKnownFileType = sourcecode.swift; path = TranslatorsAssembly.swift; sourceTree = "<group>"; };
		FBAC7A9B2BBFF685007BD0CF /* InfrastructureAssembly.swift */ = {isa = PBXFileReference; lastKnownFileType = sourcecode.swift; path = InfrastructureAssembly.swift; sourceTree = "<group>"; };
		FBAC7AA12BC01247007BD0CF /* DeckListState.swift */ = {isa = PBXFileReference; lastKnownFileType = sourcecode.swift; path = DeckListState.swift; sourceTree = "<group>"; };
		FBAC7AA32BC01253007BD0CF /* DeckListAction.swift */ = {isa = PBXFileReference; lastKnownFileType = sourcecode.swift; path = DeckListAction.swift; sourceTree = "<group>"; };
		FBAC7AA52BC01261007BD0CF /* DeckListReducer.swift */ = {isa = PBXFileReference; lastKnownFileType = sourcecode.swift; path = DeckListReducer.swift; sourceTree = "<group>"; };
		FBAC7AA82BC0133D007BD0CF /* DeckListItemState.swift */ = {isa = PBXFileReference; lastKnownFileType = sourcecode.swift; path = DeckListItemState.swift; sourceTree = "<group>"; };
		FBAC7AAA2BC0134E007BD0CF /* DeckListItemAction.swift */ = {isa = PBXFileReference; lastKnownFileType = sourcecode.swift; path = DeckListItemAction.swift; sourceTree = "<group>"; };
		FBAC7AAC2BC01372007BD0CF /* DeckListItemReducer.swift */ = {isa = PBXFileReference; lastKnownFileType = sourcecode.swift; path = DeckListItemReducer.swift; sourceTree = "<group>"; };
		FBAC7AAE2BC025E5007BD0CF /* DeckListView.swift */ = {isa = PBXFileReference; lastKnownFileType = sourcecode.swift; path = DeckListView.swift; sourceTree = "<group>"; };
		FBAC7AB32BC03577007BD0CF /* DeckItemBuilderState.swift */ = {isa = PBXFileReference; lastKnownFileType = sourcecode.swift; path = DeckItemBuilderState.swift; sourceTree = "<group>"; };
		FBAC7AB52BC03581007BD0CF /* DeckItemBuilderAction.swift */ = {isa = PBXFileReference; lastKnownFileType = sourcecode.swift; path = DeckItemBuilderAction.swift; sourceTree = "<group>"; };
		FBAC7AB72BC0359A007BD0CF /* DeckItemBuilderReducer.swift */ = {isa = PBXFileReference; lastKnownFileType = sourcecode.swift; path = DeckItemBuilderReducer.swift; sourceTree = "<group>"; };
		FBAC7AB92BC035A3007BD0CF /* DeckItemBuilderView.swift */ = {isa = PBXFileReference; lastKnownFileType = sourcecode.swift; path = DeckItemBuilderView.swift; sourceTree = "<group>"; };
		FBAC7ABB2BC32763007BD0CF /* DeckListItemView.swift */ = {isa = PBXFileReference; lastKnownFileType = sourcecode.swift; path = DeckListItemView.swift; sourceTree = "<group>"; };
		FBAC7ABE2BC682C3007BD0CF /* TMAPaginationView.swift */ = {isa = PBXFileReference; lastKnownFileType = sourcecode.swift; path = TMAPaginationView.swift; sourceTree = "<group>"; };
		FBAC7AC32BC7D138007BD0CF /* CardListState.swift */ = {isa = PBXFileReference; lastKnownFileType = sourcecode.swift; path = CardListState.swift; sourceTree = "<group>"; };
		FBAC7AC52BC7D141007BD0CF /* CardListAction.swift */ = {isa = PBXFileReference; lastKnownFileType = sourcecode.swift; path = CardListAction.swift; sourceTree = "<group>"; };
		FBAC7AC72BC7D14F007BD0CF /* CardListReducer.swift */ = {isa = PBXFileReference; lastKnownFileType = sourcecode.swift; path = CardListReducer.swift; sourceTree = "<group>"; };
		FBAC7AC92BC7D15A007BD0CF /* CardListView.swift */ = {isa = PBXFileReference; lastKnownFileType = sourcecode.swift; path = CardListView.swift; sourceTree = "<group>"; };
		FBAC7ACB2BC7D17E007BD0CF /* CardItemListState.swift */ = {isa = PBXFileReference; lastKnownFileType = sourcecode.swift; path = CardItemListState.swift; sourceTree = "<group>"; };
		FBAC7ACD2BC7D184007BD0CF /* CardItemListAction.swift */ = {isa = PBXFileReference; lastKnownFileType = sourcecode.swift; path = CardItemListAction.swift; sourceTree = "<group>"; };
		FBAC7ACF2BC7D18A007BD0CF /* CardItemListReducer.swift */ = {isa = PBXFileReference; lastKnownFileType = sourcecode.swift; path = CardItemListReducer.swift; sourceTree = "<group>"; };
		FBAC7AD12BC7D191007BD0CF /* CardItemListView.swift */ = {isa = PBXFileReference; lastKnownFileType = sourcecode.swift; path = CardItemListView.swift; sourceTree = "<group>"; };
		FBAC7AD32BC7D214007BD0CF /* CardItemBuilderState.swift */ = {isa = PBXFileReference; lastKnownFileType = sourcecode.swift; path = CardItemBuilderState.swift; sourceTree = "<group>"; };
		FBAC7AD52BC7D21C007BD0CF /* CardItemBuilderAction.swift */ = {isa = PBXFileReference; lastKnownFileType = sourcecode.swift; path = CardItemBuilderAction.swift; sourceTree = "<group>"; };
		FBAC7AD72BC7D224007BD0CF /* CardItemBuilderReducer.swift */ = {isa = PBXFileReference; lastKnownFileType = sourcecode.swift; path = CardItemBuilderReducer.swift; sourceTree = "<group>"; };
		FBAC7AD92BC7D22D007BD0CF /* CardItemBuilderView.swift */ = {isa = PBXFileReference; lastKnownFileType = sourcecode.swift; path = CardItemBuilderView.swift; sourceTree = "<group>"; };
		FBC3102E2BB83C9300CB1FE3 /* DeckPlainObject.swift */ = {isa = PBXFileReference; lastKnownFileType = sourcecode.swift; path = DeckPlainObject.swift; sourceTree = "<group>"; };
/* End PBXFileReference section */

/* Begin PBXFrameworksBuildPhase section */
		FB6E75ED2BB199E500D5C117 /* Frameworks */ = {
			isa = PBXFrameworksBuildPhase;
			buildActionMask = 2147483647;
			files = (
				FB6E76382BB1BB9C00D5C117 /* TCANetworkReducers in Frameworks */,
				FB6E76172BB1A74A00D5C117 /* HTTPTransport in Frameworks */,
				FB6E761F2BB1AAD300D5C117 /* Swinject in Frameworks */,
				FB6E76092BB19D6100D5C117 /* ComposableArchitecture in Frameworks */,
				FB6E76212BB1AAD300D5C117 /* Swinject-Dynamic in Frameworks */,
				FB6E760C2BB19DCB00D5C117 /* SDAO in Frameworks */,
				FB6E76142BB1A6F700D5C117 /* ServiceCore in Frameworks */,
			);
			runOnlyForDeploymentPostprocessing = 0;
		};
/* End PBXFrameworksBuildPhase section */

/* Begin PBXGroup section */
		FB2460FF2BBEA77A00C17D19 /* CardService */ = {
			isa = PBXGroup;
			children = (
				FB2461002BBEA80F00C17D19 /* Concrete */,
				FB2461012BBEA81600C17D19 /* Protocol */,
			);
			path = CardService;
			sourceTree = "<group>";
		};
		FB2461002BBEA80F00C17D19 /* Concrete */ = {
			isa = PBXGroup;
			children = (
				FB2461042BBEA9A000C17D19 /* CardServiceMock.swift */,
			);
			path = Concrete;
			sourceTree = "<group>";
		};
		FB2461012BBEA81600C17D19 /* Protocol */ = {
			isa = PBXGroup;
			children = (
				FB2461022BBEA84300C17D19 /* CardService.swift */,
			);
			path = Protocol;
			sourceTree = "<group>";
		};
		FB2461162BBFEA8B00C17D19 /* DeckService */ = {
			isa = PBXGroup;
			children = (
				FB2461182BBFEA9E00C17D19 /* Concrete */,
				FB2461172BBFEA9800C17D19 /* Protocol */,
			);
			path = DeckService;
			sourceTree = "<group>";
		};
		FB2461172BBFEA9800C17D19 /* Protocol */ = {
			isa = PBXGroup;
			children = (
				FB2461122BBFE9BD00C17D19 /* DeckService.swift */,
			);
			path = Protocol;
			sourceTree = "<group>";
		};
		FB2461182BBFEA9E00C17D19 /* Concrete */ = {
			isa = PBXGroup;
			children = (
				FB2461142BBFE9E800C17D19 /* DeckServiceMock.swift */,
			);
			path = Concrete;
			sourceTree = "<group>";
		};
		FB6E75E72BB199E500D5C117 = {
			isa = PBXGroup;
			children = (
				FB6E75F22BB199E500D5C117 /* TestMovieApp */,
				FB6E75F12BB199E500D5C117 /* Products */,
			);
			sourceTree = "<group>";
		};
		FB6E75F12BB199E500D5C117 /* Products */ = {
			isa = PBXGroup;
			children = (
				FB6E75F02BB199E500D5C117 /* TestMovieApp.app */,
			);
			name = Products;
			sourceTree = "<group>";
		};
		FB6E75F22BB199E500D5C117 /* TestMovieApp */ = {
			isa = PBXGroup;
			children = (
				FB6E76492BB6A87600D5C117 /* CoreLayer */,
				FB6E76062BB19CF700D5C117 /* BusinessLayer */,
				FB6E76042BB19C9C00D5C117 /* Models */,
				FB6E76022BB19BF100D5C117 /* PresentationLayer */,
				FB6E762D2BB1B93D00D5C117 /* ViewModifier */,
				FB6E76012BB19BCF00D5C117 /* ApplicationLayer */,
				FB6E76032BB19C5700D5C117 /* Resourses */,
				FB6E75F92BB199E700D5C117 /* Preview Content */,
			);
			path = TestMovieApp;
			sourceTree = "<group>";
		};
		FB6E75F92BB199E700D5C117 /* Preview Content */ = {
			isa = PBXGroup;
			children = (
			);
			path = "Preview Content";
			sourceTree = "<group>";
		};
		FB6E76012BB19BCF00D5C117 /* ApplicationLayer */ = {
			isa = PBXGroup;
			children = (
				FB6E75F32BB199E500D5C117 /* TestMovieAppApp.swift */,
				FBAC7A912BBFEE0A007BD0CF /* AppConstants */,
				FB6E764D2BB6A90600D5C117 /* AssembliesCollectors */,
			);
			path = ApplicationLayer;
			sourceTree = "<group>";
		};
		FB6E76022BB19BF100D5C117 /* PresentationLayer */ = {
			isa = PBXGroup;
			children = (
				FBAC7AC02BC7CF2D007BD0CF /* CardList */,
				FBAC7ABD2BC68284007BD0CF /* DesighSystem */,
				FBAC7AA02BC01234007BD0CF /* DeckList */,
			);
			path = PresentationLayer;
			sourceTree = "<group>";
		};
		FB6E76032BB19C5700D5C117 /* Resourses */ = {
			isa = PBXGroup;
			children = (
				FB6E75FA2BB199E700D5C117 /* Preview Assets.xcassets */,
				FB6E75F72BB199E700D5C117 /* Assets.xcassets */,
			);
			path = Resourses;
			sourceTree = "<group>";
		};
		FB6E76042BB19C9C00D5C117 /* Models */ = {
			isa = PBXGroup;
			children = (
				FB7AEF6B2BB6B44300CF2801 /* Database */,
				FB7AEF682BB6B1C500CF2801 /* Plains */,
			);
			path = Models;
			sourceTree = "<group>";
		};
		FB6E76062BB19CF700D5C117 /* BusinessLayer */ = {
			isa = PBXGroup;
			children = (
				FBAC7A942BBFF157007BD0CF /* Assemblies */,
				FB2461162BBFEA8B00C17D19 /* DeckService */,
				FB2460FF2BBEA77A00C17D19 /* CardService */,
				FB6E763B2BB1BCB200D5C117 /* DAO */,
			);
			path = BusinessLayer;
			sourceTree = "<group>";
		};
		FB6E762D2BB1B93D00D5C117 /* ViewModifier */ = {
			isa = PBXGroup;
			children = (
				FB6E762E2BB1B96200D5C117 /* PinToEdgeModifier.swift */,
				FB6E76302BB1BA2500D5C117 /* View.swift */,
			);
			path = ViewModifier;
			sourceTree = "<group>";
		};
		FB6E763B2BB1BCB200D5C117 /* DAO */ = {
			isa = PBXGroup;
			children = (
				FB6E763C2BB1BCDB00D5C117 /* DAOAutographAliases.swift */,
				FB6E763E2BB1BD2000D5C117 /* Translators */,
			);
			path = DAO;
			sourceTree = "<group>";
		};
		FB6E763E2BB1BD2000D5C117 /* Translators */ = {
			isa = PBXGroup;
			children = (
				FB7AEF662BB6B12800CF2801 /* CardTranslator.swift */,
				FB2461102BBFE4FB00C17D19 /* DeckTranslator.swift */,
			);
			path = Translators;
			sourceTree = "<group>";
		};
		FB6E76492BB6A87600D5C117 /* CoreLayer */ = {
			isa = PBXGroup;
			children = (
				FB6E76592BB6AB1800D5C117 /* Extensions */,
				FB6E764A2BB6A88300D5C117 /* PropertyWrappers */,
			);
			path = CoreLayer;
			sourceTree = "<group>";
		};
		FB6E764A2BB6A88300D5C117 /* PropertyWrappers */ = {
			isa = PBXGroup;
			children = (
				FB6E764B2BB6A8DE00D5C117 /* Swinjectable.swift */,
			);
			path = PropertyWrappers;
			sourceTree = "<group>";
		};
		FB6E764D2BB6A90600D5C117 /* AssembliesCollectors */ = {
			isa = PBXGroup;
			children = (
				FB6E764E2BB6A93A00D5C117 /* Concrete */,
				FB6E764F2BB6A94600D5C117 /* Protocols */,
			);
			path = AssembliesCollectors;
			sourceTree = "<group>";
		};
		FB6E764E2BB6A93A00D5C117 /* Concrete */ = {
			isa = PBXGroup;
			children = (
				FB6E76542BB6AAB600D5C117 /* Helpers */,
				FB6E76522BB6AA2100D5C117 /* TestMovieAppAssembliesCollector.swift */,
			);
			path = Concrete;
			sourceTree = "<group>";
		};
		FB6E764F2BB6A94600D5C117 /* Protocols */ = {
			isa = PBXGroup;
			children = (
				FB6E76502BB6A97200D5C117 /* AssembliesCollector.swift */,
			);
			path = Protocols;
			sourceTree = "<group>";
		};
		FB6E76542BB6AAB600D5C117 /* Helpers */ = {
			isa = PBXGroup;
			children = (
				FB6E76552BB6AACB00D5C117 /* CollectableAssembly.swift */,
				FB6E76572BB6AAE500D5C117 /* AssembliesHolder.swift */,
			);
			path = Helpers;
			sourceTree = "<group>";
		};
		FB6E76592BB6AB1800D5C117 /* Extensions */ = {
			isa = PBXGroup;
			children = (
				FB6E765A2BB6AB4000D5C117 /* DispatchQueue.swift */,
			);
			path = Extensions;
			sourceTree = "<group>";
		};
		FB7AEF682BB6B1C500CF2801 /* Plains */ = {
			isa = PBXGroup;
			children = (
				FB7AEF692BB6B1E200CF2801 /* CardPlainObject.swift */,
				FBC3102E2BB83C9300CB1FE3 /* DeckPlainObject.swift */,
			);
			path = Plains;
			sourceTree = "<group>";
		};
		FB7AEF6B2BB6B44300CF2801 /* Database */ = {
			isa = PBXGroup;
			children = (
				FB7AEF6C2BB6B46200CF2801 /* CardModelObject.swift */,
				FB24610E2BBFE2D000C17D19 /* DeckModelObject.swift */,
			);
			path = Database;
			sourceTree = "<group>";
		};
		FBAC7A912BBFEE0A007BD0CF /* AppConstants */ = {
			isa = PBXGroup;
			children = (
				FBAC7A922BBFEE30007BD0CF /* AppConstants.swift */,
			);
			path = AppConstants;
			sourceTree = "<group>";
		};
		FBAC7A942BBFF157007BD0CF /* Assemblies */ = {
			isa = PBXGroup;
			children = (
				FBAC7A952BBFF181007BD0CF /* DAOAssembly.swift */,
				FBAC7A972BBFF381007BD0CF /* SeviecesAssembly.swift */,
				FBAC7A992BBFF63E007BD0CF /* TranslatorsAssembly.swift */,
				FBAC7A9B2BBFF685007BD0CF /* InfrastructureAssembly.swift */,
			);
			path = Assemblies;
			sourceTree = "<group>";
		};
		FBAC7AA02BC01234007BD0CF /* DeckList */ = {
			isa = PBXGroup;
			children = (
				FBAC7AA12BC01247007BD0CF /* DeckListState.swift */,
				FBAC7AA32BC01253007BD0CF /* DeckListAction.swift */,
				FBAC7AA52BC01261007BD0CF /* DeckListReducer.swift */,
				FBAC7AAE2BC025E5007BD0CF /* DeckListView.swift */,
				FBAC7AA72BC0130B007BD0CF /* DeckListItem */,
				FBAC7AB12BC03543007BD0CF /* DeckItemBuilder */,
			);
			path = DeckList;
			sourceTree = "<group>";
		};
		FBAC7AA72BC0130B007BD0CF /* DeckListItem */ = {
			isa = PBXGroup;
			children = (
				FBAC7AA82BC0133D007BD0CF /* DeckListItemState.swift */,
				FBAC7AAA2BC0134E007BD0CF /* DeckListItemAction.swift */,
				FBAC7AAC2BC01372007BD0CF /* DeckListItemReducer.swift */,
				FBAC7ABB2BC32763007BD0CF /* DeckListItemView.swift */,
			);
			path = DeckListItem;
			sourceTree = "<group>";
		};
		FBAC7AB12BC03543007BD0CF /* DeckItemBuilder */ = {
			isa = PBXGroup;
			children = (
				FBAC7AB32BC03577007BD0CF /* DeckItemBuilderState.swift */,
				FBAC7AB52BC03581007BD0CF /* DeckItemBuilderAction.swift */,
				FBAC7AB72BC0359A007BD0CF /* DeckItemBuilderReducer.swift */,
				FBAC7AB92BC035A3007BD0CF /* DeckItemBuilderView.swift */,
			);
			path = DeckItemBuilder;
			sourceTree = "<group>";
		};
		FBAC7ABD2BC68284007BD0CF /* DesighSystem */ = {
			isa = PBXGroup;
			children = (
				FBAC7ABE2BC682C3007BD0CF /* TMAPaginationView.swift */,
			);
			path = DesighSystem;
			sourceTree = "<group>";
		};
		FBAC7AC02BC7CF2D007BD0CF /* CardList */ = {
			isa = PBXGroup;
			children = (
				FBAC7AC32BC7D138007BD0CF /* CardListState.swift */,
				FBAC7AC52BC7D141007BD0CF /* CardListAction.swift */,
				FBAC7AC72BC7D14F007BD0CF /* CardListReducer.swift */,
				FBAC7AC92BC7D15A007BD0CF /* CardListView.swift */,
				FBAC7AC12BC7CF3E007BD0CF /* CardItemList */,
				FBAC7AC22BC7CF53007BD0CF /* CardItemBuilder */,
			);
			path = CardList;
			sourceTree = "<group>";
		};
		FBAC7AC12BC7CF3E007BD0CF /* CardItemList */ = {
			isa = PBXGroup;
			children = (
				FBAC7ACB2BC7D17E007BD0CF /* CardItemListState.swift */,
				FBAC7ACD2BC7D184007BD0CF /* CardItemListAction.swift */,
				FBAC7ACF2BC7D18A007BD0CF /* CardItemListReducer.swift */,
				FBAC7AD12BC7D191007BD0CF /* CardItemListView.swift */,
			);
			path = CardItemList;
			sourceTree = "<group>";
		};
		FBAC7AC22BC7CF53007BD0CF /* CardItemBuilder */ = {
			isa = PBXGroup;
			children = (
				FBAC7AD32BC7D214007BD0CF /* CardItemBuilderState.swift */,
				FBAC7AD52BC7D21C007BD0CF /* CardItemBuilderAction.swift */,
				FBAC7AD72BC7D224007BD0CF /* CardItemBuilderReducer.swift */,
				FBAC7AD92BC7D22D007BD0CF /* CardItemBuilderView.swift */,
			);
			path = CardItemBuilder;
			sourceTree = "<group>";
		};
/* End PBXGroup section */

/* Begin PBXNativeTarget section */
		FB6E75EF2BB199E500D5C117 /* TestMovieApp */ = {
			isa = PBXNativeTarget;
			buildConfigurationList = FB6E75FE2BB199E700D5C117 /* Build configuration list for PBXNativeTarget "TestMovieApp" */;
			buildPhases = (
				FB6E75EC2BB199E500D5C117 /* Sources */,
				FB6E75ED2BB199E500D5C117 /* Frameworks */,
				FB6E75EE2BB199E500D5C117 /* Resources */,
			);
			buildRules = (
			);
			dependencies = (
			);
			name = TestMovieApp;
			packageProductDependencies = (
				FB6E76082BB19D6100D5C117 /* ComposableArchitecture */,
				FB6E760B2BB19DCB00D5C117 /* SDAO */,
				FB6E76132BB1A6F700D5C117 /* ServiceCore */,
				FB6E76162BB1A74A00D5C117 /* HTTPTransport */,
				FB6E761E2BB1AAD300D5C117 /* Swinject */,
				FB6E76202BB1AAD300D5C117 /* Swinject-Dynamic */,
				FB6E76372BB1BB9C00D5C117 /* TCANetworkReducers */,
			);
			productName = TestMovieApp;
			productReference = FB6E75F02BB199E500D5C117 /* TestMovieApp.app */;
			productType = "com.apple.product-type.application";
		};
/* End PBXNativeTarget section */

/* Begin PBXProject section */
		FB6E75E82BB199E500D5C117 /* Project object */ = {
			isa = PBXProject;
			attributes = {
				BuildIndependentTargetsInParallel = 1;
				LastSwiftUpdateCheck = 1500;
				LastUpgradeCheck = 1500;
				TargetAttributes = {
					FB6E75EF2BB199E500D5C117 = {
						CreatedOnToolsVersion = 15.0.1;
					};
				};
			};
			buildConfigurationList = FB6E75EB2BB199E500D5C117 /* Build configuration list for PBXProject "TestMovieApp" */;
			compatibilityVersion = "Xcode 14.0";
			developmentRegion = en;
			hasScannedForEncodings = 0;
			knownRegions = (
				en,
				Base,
			);
			mainGroup = FB6E75E72BB199E500D5C117;
			packageReferences = (
				FB6E76072BB19D6100D5C117 /* XCRemoteSwiftPackageReference "TCA" */,
				FB6E760A2BB19DCB00D5C117 /* XCRemoteSwiftPackageReference "DAO" */,
				FB6E76122BB1A6F700D5C117 /* XCRemoteSwiftPackageReference "service-core" */,
				FB6E76152BB1A74A00D5C117 /* XCRemoteSwiftPackageReference "http-transport" */,
				FB6E761D2BB1AAD300D5C117 /* XCRemoteSwiftPackageReference "Swinject" */,
				FB6E76362BB1BB9C00D5C117 /* XCRemoteSwiftPackageReference "tca-network-reducers" */,
			);
			productRefGroup = FB6E75F12BB199E500D5C117 /* Products */;
			projectDirPath = "";
			projectRoot = "";
			targets = (
				FB6E75EF2BB199E500D5C117 /* TestMovieApp */,
			);
		};
/* End PBXProject section */

/* Begin PBXResourcesBuildPhase section */
		FB6E75EE2BB199E500D5C117 /* Resources */ = {
			isa = PBXResourcesBuildPhase;
			buildActionMask = 2147483647;
			files = (
				FB6E75FB2BB199E700D5C117 /* Preview Assets.xcassets in Resources */,
				FB6E75F82BB199E700D5C117 /* Assets.xcassets in Resources */,
			);
			runOnlyForDeploymentPostprocessing = 0;
		};
/* End PBXResourcesBuildPhase section */

/* Begin PBXSourcesBuildPhase section */
		FB6E75EC2BB199E500D5C117 /* Sources */ = {
			isa = PBXSourcesBuildPhase;
			buildActionMask = 2147483647;
			files = (
				FBAC7AA42BC01253007BD0CF /* DeckListAction.swift in Sources */,
				FBAC7AC42BC7D138007BD0CF /* CardListState.swift in Sources */,
				FBAC7ACC2BC7D17E007BD0CF /* CardItemListState.swift in Sources */,
				FB6E764C2BB6A8DE00D5C117 /* Swinjectable.swift in Sources */,
				FBAC7AD62BC7D21C007BD0CF /* CardItemBuilderAction.swift in Sources */,
				FBAC7A9A2BBFF63E007BD0CF /* TranslatorsAssembly.swift in Sources */,
				FBAC7AAB2BC0134E007BD0CF /* DeckListItemAction.swift in Sources */,
				FBAC7AB82BC0359A007BD0CF /* DeckItemBuilderReducer.swift in Sources */,
				FB6E762F2BB1B96200D5C117 /* PinToEdgeModifier.swift in Sources */,
				FBAC7AC82BC7D14F007BD0CF /* CardListReducer.swift in Sources */,
				FB7AEF6D2BB6B46200CF2801 /* CardModelObject.swift in Sources */,
				FB6E76562BB6AACB00D5C117 /* CollectableAssembly.swift in Sources */,
				FBAC7A932BBFEE30007BD0CF /* AppConstants.swift in Sources */,
				FB7AEF6A2BB6B1E200CF2801 /* CardPlainObject.swift in Sources */,
				FBAC7AD02BC7D18A007BD0CF /* CardItemListReducer.swift in Sources */,
				FB6E76532BB6AA2100D5C117 /* TestMovieAppAssembliesCollector.swift in Sources */,
				FB7AEF672BB6B12800CF2801 /* CardTranslator.swift in Sources */,
				FB6E75F42BB199E500D5C117 /* TestMovieAppApp.swift in Sources */,
				FBAC7ABF2BC682C3007BD0CF /* TMAPaginationView.swift in Sources */,
				FB2461032BBEA84300C17D19 /* CardService.swift in Sources */,
				FBAC7A962BBFF181007BD0CF /* DAOAssembly.swift in Sources */,
				FBAC7AA62BC01261007BD0CF /* DeckListReducer.swift in Sources */,
				FBAC7AAD2BC01372007BD0CF /* DeckListItemReducer.swift in Sources */,
				FBAC7A982BBFF381007BD0CF /* SeviecesAssembly.swift in Sources */,
				FBAC7AB62BC03581007BD0CF /* DeckItemBuilderAction.swift in Sources */,
				FB24610F2BBFE2D000C17D19 /* DeckModelObject.swift in Sources */,
				FBAC7ABA2BC035A3007BD0CF /* DeckItemBuilderView.swift in Sources */,
				FBAC7AD42BC7D214007BD0CF /* CardItemBuilderState.swift in Sources */,
				FBAC7AA22BC01247007BD0CF /* DeckListState.swift in Sources */,
				FBAC7AD22BC7D191007BD0CF /* CardItemListView.swift in Sources */,
				FBAC7ACE2BC7D184007BD0CF /* CardItemListAction.swift in Sources */,
				FB6E76312BB1BA2500D5C117 /* View.swift in Sources */,
				FBC3102F2BB83C9300CB1FE3 /* DeckPlainObject.swift in Sources */,
				FB2461132BBFE9BD00C17D19 /* DeckService.swift in Sources */,
				FBAC7AA92BC0133D007BD0CF /* DeckListItemState.swift in Sources */,
				FBAC7A9C2BBFF685007BD0CF /* InfrastructureAssembly.swift in Sources */,
				FB6E76512BB6A97200D5C117 /* AssembliesCollector.swift in Sources */,
				FB2461152BBFE9E800C17D19 /* DeckServiceMock.swift in Sources */,
				FB6E763D2BB1BCDB00D5C117 /* DAOAutographAliases.swift in Sources */,
				FBAC7AAF2BC025E5007BD0CF /* DeckListView.swift in Sources */,
				FB6E76582BB6AAE500D5C117 /* AssembliesHolder.swift in Sources */,
				FBAC7AB42BC03577007BD0CF /* DeckItemBuilderState.swift in Sources */,
				FBAC7AC62BC7D141007BD0CF /* CardListAction.swift in Sources */,
				FB2461052BBEA9A000C17D19 /* CardServiceMock.swift in Sources */,
				FBAC7AD82BC7D224007BD0CF /* CardItemBuilderReducer.swift in Sources */,
				FB2461112BBFE4FB00C17D19 /* DeckTranslator.swift in Sources */,
				FBAC7ABC2BC32763007BD0CF /* DeckListItemView.swift in Sources */,
				FBAC7ACA2BC7D15A007BD0CF /* CardListView.swift in Sources */,
				FB6E765B2BB6AB4000D5C117 /* DispatchQueue.swift in Sources */,
				FBAC7ADA2BC7D22D007BD0CF /* CardItemBuilderView.swift in Sources */,
			);
			runOnlyForDeploymentPostprocessing = 0;
		};
/* End PBXSourcesBuildPhase section */

/* Begin XCBuildConfiguration section */
		FB6E75FC2BB199E700D5C117 /* Debug */ = {
			isa = XCBuildConfiguration;
			buildSettings = {
				ALWAYS_SEARCH_USER_PATHS = NO;
				ASSETCATALOG_COMPILER_GENERATE_SWIFT_ASSET_SYMBOL_EXTENSIONS = YES;
				CLANG_ANALYZER_NONNULL = YES;
				CLANG_ANALYZER_NUMBER_OBJECT_CONVERSION = YES_AGGRESSIVE;
				CLANG_CXX_LANGUAGE_STANDARD = "gnu++20";
				CLANG_ENABLE_MODULES = YES;
				CLANG_ENABLE_OBJC_ARC = YES;
				CLANG_ENABLE_OBJC_WEAK = YES;
				CLANG_WARN_BLOCK_CAPTURE_AUTORELEASING = YES;
				CLANG_WARN_BOOL_CONVERSION = YES;
				CLANG_WARN_COMMA = YES;
				CLANG_WARN_CONSTANT_CONVERSION = YES;
				CLANG_WARN_DEPRECATED_OBJC_IMPLEMENTATIONS = YES;
				CLANG_WARN_DIRECT_OBJC_ISA_USAGE = YES_ERROR;
				CLANG_WARN_DOCUMENTATION_COMMENTS = YES;
				CLANG_WARN_EMPTY_BODY = YES;
				CLANG_WARN_ENUM_CONVERSION = YES;
				CLANG_WARN_INFINITE_RECURSION = YES;
				CLANG_WARN_INT_CONVERSION = YES;
				CLANG_WARN_NON_LITERAL_NULL_CONVERSION = YES;
				CLANG_WARN_OBJC_IMPLICIT_RETAIN_SELF = YES;
				CLANG_WARN_OBJC_LITERAL_CONVERSION = YES;
				CLANG_WARN_OBJC_ROOT_CLASS = YES_ERROR;
				CLANG_WARN_QUOTED_INCLUDE_IN_FRAMEWORK_HEADER = YES;
				CLANG_WARN_RANGE_LOOP_ANALYSIS = YES;
				CLANG_WARN_STRICT_PROTOTYPES = YES;
				CLANG_WARN_SUSPICIOUS_MOVE = YES;
				CLANG_WARN_UNGUARDED_AVAILABILITY = YES_AGGRESSIVE;
				CLANG_WARN_UNREACHABLE_CODE = YES;
				CLANG_WARN__DUPLICATE_METHOD_MATCH = YES;
				COPY_PHASE_STRIP = NO;
				DEBUG_INFORMATION_FORMAT = dwarf;
				ENABLE_STRICT_OBJC_MSGSEND = YES;
				ENABLE_TESTABILITY = YES;
				ENABLE_USER_SCRIPT_SANDBOXING = YES;
				GCC_C_LANGUAGE_STANDARD = gnu17;
				GCC_DYNAMIC_NO_PIC = NO;
				GCC_NO_COMMON_BLOCKS = YES;
				GCC_OPTIMIZATION_LEVEL = 0;
				GCC_PREPROCESSOR_DEFINITIONS = (
					"DEBUG=1",
					"$(inherited)",
				);
				GCC_WARN_64_TO_32_BIT_CONVERSION = YES;
				GCC_WARN_ABOUT_RETURN_TYPE = YES_ERROR;
				GCC_WARN_UNDECLARED_SELECTOR = YES;
				GCC_WARN_UNINITIALIZED_AUTOS = YES_AGGRESSIVE;
				GCC_WARN_UNUSED_FUNCTION = YES;
				GCC_WARN_UNUSED_VARIABLE = YES;
				IPHONEOS_DEPLOYMENT_TARGET = 17.0;
				LOCALIZATION_PREFERS_STRING_CATALOGS = YES;
				MTL_ENABLE_DEBUG_INFO = INCLUDE_SOURCE;
				MTL_FAST_MATH = YES;
				ONLY_ACTIVE_ARCH = YES;
				SDKROOT = iphoneos;
				SWIFT_ACTIVE_COMPILATION_CONDITIONS = "DEBUG $(inherited)";
				SWIFT_OPTIMIZATION_LEVEL = "-Onone";
			};
			name = Debug;
		};
		FB6E75FD2BB199E700D5C117 /* Release */ = {
			isa = XCBuildConfiguration;
			buildSettings = {
				ALWAYS_SEARCH_USER_PATHS = NO;
				ASSETCATALOG_COMPILER_GENERATE_SWIFT_ASSET_SYMBOL_EXTENSIONS = YES;
				CLANG_ANALYZER_NONNULL = YES;
				CLANG_ANALYZER_NUMBER_OBJECT_CONVERSION = YES_AGGRESSIVE;
				CLANG_CXX_LANGUAGE_STANDARD = "gnu++20";
				CLANG_ENABLE_MODULES = YES;
				CLANG_ENABLE_OBJC_ARC = YES;
				CLANG_ENABLE_OBJC_WEAK = YES;
				CLANG_WARN_BLOCK_CAPTURE_AUTORELEASING = YES;
				CLANG_WARN_BOOL_CONVERSION = YES;
				CLANG_WARN_COMMA = YES;
				CLANG_WARN_CONSTANT_CONVERSION = YES;
				CLANG_WARN_DEPRECATED_OBJC_IMPLEMENTATIONS = YES;
				CLANG_WARN_DIRECT_OBJC_ISA_USAGE = YES_ERROR;
				CLANG_WARN_DOCUMENTATION_COMMENTS = YES;
				CLANG_WARN_EMPTY_BODY = YES;
				CLANG_WARN_ENUM_CONVERSION = YES;
				CLANG_WARN_INFINITE_RECURSION = YES;
				CLANG_WARN_INT_CONVERSION = YES;
				CLANG_WARN_NON_LITERAL_NULL_CONVERSION = YES;
				CLANG_WARN_OBJC_IMPLICIT_RETAIN_SELF = YES;
				CLANG_WARN_OBJC_LITERAL_CONVERSION = YES;
				CLANG_WARN_OBJC_ROOT_CLASS = YES_ERROR;
				CLANG_WARN_QUOTED_INCLUDE_IN_FRAMEWORK_HEADER = YES;
				CLANG_WARN_RANGE_LOOP_ANALYSIS = YES;
				CLANG_WARN_STRICT_PROTOTYPES = YES;
				CLANG_WARN_SUSPICIOUS_MOVE = YES;
				CLANG_WARN_UNGUARDED_AVAILABILITY = YES_AGGRESSIVE;
				CLANG_WARN_UNREACHABLE_CODE = YES;
				CLANG_WARN__DUPLICATE_METHOD_MATCH = YES;
				COPY_PHASE_STRIP = NO;
				DEBUG_INFORMATION_FORMAT = "dwarf-with-dsym";
				ENABLE_NS_ASSERTIONS = NO;
				ENABLE_STRICT_OBJC_MSGSEND = YES;
				ENABLE_USER_SCRIPT_SANDBOXING = YES;
				GCC_C_LANGUAGE_STANDARD = gnu17;
				GCC_NO_COMMON_BLOCKS = YES;
				GCC_WARN_64_TO_32_BIT_CONVERSION = YES;
				GCC_WARN_ABOUT_RETURN_TYPE = YES_ERROR;
				GCC_WARN_UNDECLARED_SELECTOR = YES;
				GCC_WARN_UNINITIALIZED_AUTOS = YES_AGGRESSIVE;
				GCC_WARN_UNUSED_FUNCTION = YES;
				GCC_WARN_UNUSED_VARIABLE = YES;
				IPHONEOS_DEPLOYMENT_TARGET = 17.0;
				LOCALIZATION_PREFERS_STRING_CATALOGS = YES;
				MTL_ENABLE_DEBUG_INFO = NO;
				MTL_FAST_MATH = YES;
				SDKROOT = iphoneos;
				SWIFT_COMPILATION_MODE = wholemodule;
				VALIDATE_PRODUCT = YES;
			};
			name = Release;
		};
		FB6E75FF2BB199E700D5C117 /* Debug */ = {
			isa = XCBuildConfiguration;
			buildSettings = {
				ASSETCATALOG_COMPILER_APPICON_NAME = AppIcon;
				ASSETCATALOG_COMPILER_GLOBAL_ACCENT_COLOR_NAME = AccentColor;
				CODE_SIGN_STYLE = Automatic;
				CURRENT_PROJECT_VERSION = 1;
				DEVELOPMENT_ASSET_PATHS = "\"TestMovieApp/Preview Content\"";
				DEVELOPMENT_TEAM = 6HH4TBW24N;
				ENABLE_PREVIEWS = YES;
				GENERATE_INFOPLIST_FILE = YES;
				INFOPLIST_KEY_UIApplicationSceneManifest_Generation = YES;
				INFOPLIST_KEY_UIApplicationSupportsIndirectInputEvents = YES;
				INFOPLIST_KEY_UILaunchScreen_Generation = YES;
				INFOPLIST_KEY_UISupportedInterfaceOrientations_iPad = "UIInterfaceOrientationPortrait UIInterfaceOrientationPortraitUpsideDown UIInterfaceOrientationLandscapeLeft UIInterfaceOrientationLandscapeRight";
				INFOPLIST_KEY_UISupportedInterfaceOrientations_iPhone = "UIInterfaceOrientationPortrait UIInterfaceOrientationLandscapeLeft UIInterfaceOrientationLandscapeRight";
				IPHONEOS_DEPLOYMENT_TARGET = 15.0;
				LD_RUNPATH_SEARCH_PATHS = (
					"$(inherited)",
					"@executable_path/Frameworks",
				);
				MARKETING_VERSION = 1.0;
				PRODUCT_BUNDLE_IDENTIFIER = "-.TestMovieApp";
				PRODUCT_NAME = "$(TARGET_NAME)";
				SWIFT_EMIT_LOC_STRINGS = YES;
				SWIFT_VERSION = 5.0;
				TARGETED_DEVICE_FAMILY = "1,2";
			};
			name = Debug;
		};
		FB6E76002BB199E700D5C117 /* Release */ = {
			isa = XCBuildConfiguration;
			buildSettings = {
				ASSETCATALOG_COMPILER_APPICON_NAME = AppIcon;
				ASSETCATALOG_COMPILER_GLOBAL_ACCENT_COLOR_NAME = AccentColor;
				CODE_SIGN_STYLE = Automatic;
				CURRENT_PROJECT_VERSION = 1;
				DEVELOPMENT_ASSET_PATHS = "\"TestMovieApp/Preview Content\"";
				DEVELOPMENT_TEAM = 6HH4TBW24N;
				ENABLE_PREVIEWS = YES;
				GENERATE_INFOPLIST_FILE = YES;
				INFOPLIST_KEY_UIApplicationSceneManifest_Generation = YES;
				INFOPLIST_KEY_UIApplicationSupportsIndirectInputEvents = YES;
				INFOPLIST_KEY_UILaunchScreen_Generation = YES;
				INFOPLIST_KEY_UISupportedInterfaceOrientations_iPad = "UIInterfaceOrientationPortrait UIInterfaceOrientationPortraitUpsideDown UIInterfaceOrientationLandscapeLeft UIInterfaceOrientationLandscapeRight";
				INFOPLIST_KEY_UISupportedInterfaceOrientations_iPhone = "UIInterfaceOrientationPortrait UIInterfaceOrientationLandscapeLeft UIInterfaceOrientationLandscapeRight";
				IPHONEOS_DEPLOYMENT_TARGET = 15.0;
				LD_RUNPATH_SEARCH_PATHS = (
					"$(inherited)",
					"@executable_path/Frameworks",
				);
				MARKETING_VERSION = 1.0;
				PRODUCT_BUNDLE_IDENTIFIER = "-.TestMovieApp";
				PRODUCT_NAME = "$(TARGET_NAME)";
				SWIFT_EMIT_LOC_STRINGS = YES;
				SWIFT_VERSION = 5.0;
				TARGETED_DEVICE_FAMILY = "1,2";
			};
			name = Release;
		};
/* End XCBuildConfiguration section */

/* Begin XCConfigurationList section */
		FB6E75EB2BB199E500D5C117 /* Build configuration list for PBXProject "TestMovieApp" */ = {
			isa = XCConfigurationList;
			buildConfigurations = (
				FB6E75FC2BB199E700D5C117 /* Debug */,
				FB6E75FD2BB199E700D5C117 /* Release */,
			);
			defaultConfigurationIsVisible = 0;
			defaultConfigurationName = Release;
		};
		FB6E75FE2BB199E700D5C117 /* Build configuration list for PBXNativeTarget "TestMovieApp" */ = {
			isa = XCConfigurationList;
			buildConfigurations = (
				FB6E75FF2BB199E700D5C117 /* Debug */,
				FB6E76002BB199E700D5C117 /* Release */,
			);
			defaultConfigurationIsVisible = 0;
			defaultConfigurationName = Release;
		};
/* End XCConfigurationList section */

/* Begin XCRemoteSwiftPackageReference section */
		FB6E76072BB19D6100D5C117 /* XCRemoteSwiftPackageReference "TCA" */ = {
			isa = XCRemoteSwiftPackageReference;
			repositoryURL = "https://github.com/Incetro/TCA.git";
			requirement = {
				branch = main;
				kind = branch;
			};
		};
		FB6E760A2BB19DCB00D5C117 /* XCRemoteSwiftPackageReference "DAO" */ = {
			isa = XCRemoteSwiftPackageReference;
			repositoryURL = "https://github.com/Incetro/DAO.git";
			requirement = {
				branch = master;
				kind = branch;
			};
		};
		FB6E76122BB1A6F700D5C117 /* XCRemoteSwiftPackageReference "service-core" */ = {
			isa = XCRemoteSwiftPackageReference;
			repositoryURL = "https://github.com/Incetro/service-core.git";
			requirement = {
				branch = main;
				kind = branch;
			};
		};
		FB6E76152BB1A74A00D5C117 /* XCRemoteSwiftPackageReference "http-transport" */ = {
			isa = XCRemoteSwiftPackageReference;
			repositoryURL = "https://github.com/Incetro/http-transport.git";
			requirement = {
				branch = main;
				kind = branch;
			};
		};
		FB6E761D2BB1AAD300D5C117 /* XCRemoteSwiftPackageReference "Swinject" */ = {
			isa = XCRemoteSwiftPackageReference;
			repositoryURL = "https://github.com/Swinject/Swinject.git";
			requirement = {
				branch = master;
				kind = branch;
			};
		};
		FB6E76362BB1BB9C00D5C117 /* XCRemoteSwiftPackageReference "tca-network-reducers" */ = {
			isa = XCRemoteSwiftPackageReference;
			repositoryURL = "https://github.com/Incetro/tca-network-reducers.git";
			requirement = {
				branch = master;
				kind = branch;
			};
		};
/* End XCRemoteSwiftPackageReference section */

/* Begin XCSwiftPackageProductDependency section */
		FB6E76082BB19D6100D5C117 /* ComposableArchitecture */ = {
			isa = XCSwiftPackageProductDependency;
			package = FB6E76072BB19D6100D5C117 /* XCRemoteSwiftPackageReference "TCA" */;
			productName = ComposableArchitecture;
		};
		FB6E760B2BB19DCB00D5C117 /* SDAO */ = {
			isa = XCSwiftPackageProductDependency;
			package = FB6E760A2BB19DCB00D5C117 /* XCRemoteSwiftPackageReference "DAO" */;
			productName = SDAO;
		};
		FB6E76132BB1A6F700D5C117 /* ServiceCore */ = {
			isa = XCSwiftPackageProductDependency;
			package = FB6E76122BB1A6F700D5C117 /* XCRemoteSwiftPackageReference "service-core" */;
			productName = ServiceCore;
		};
		FB6E76162BB1A74A00D5C117 /* HTTPTransport */ = {
			isa = XCSwiftPackageProductDependency;
			package = FB6E76152BB1A74A00D5C117 /* XCRemoteSwiftPackageReference "http-transport" */;
			productName = HTTPTransport;
		};
		FB6E761E2BB1AAD300D5C117 /* Swinject */ = {
			isa = XCSwiftPackageProductDependency;
			package = FB6E761D2BB1AAD300D5C117 /* XCRemoteSwiftPackageReference "Swinject" */;
			productName = Swinject;
		};
		FB6E76202BB1AAD300D5C117 /* Swinject-Dynamic */ = {
			isa = XCSwiftPackageProductDependency;
			package = FB6E761D2BB1AAD300D5C117 /* XCRemoteSwiftPackageReference "Swinject" */;
			productName = "Swinject-Dynamic";
		};
		FB6E76372BB1BB9C00D5C117 /* TCANetworkReducers */ = {
			isa = XCSwiftPackageProductDependency;
			package = FB6E76362BB1BB9C00D5C117 /* XCRemoteSwiftPackageReference "tca-network-reducers" */;
			productName = TCANetworkReducers;
		};
/* End XCSwiftPackageProductDependency section */
	};
	rootObject = FB6E75E82BB199E500D5C117 /* Project object */;
}
